
Microsoft Visual Studio Solution File, Format Version 12.00
# Visual Studio Version 17
VisualStudioVersion = 17.14.36203.30 d17.14
MinimumVisualStudioVersion = 10.0.40219.1
Project("{FAE04EC0-301F-11D3-BF4B-00C04F79EFBC}") = "BlogContent.WebAPI", "BlogContent.WebAPI\BlogContent.WebAPI.csproj", "{6593C2B4-C23A-4294-8A63-D42090ADF223}"
EndProject
Global
	GlobalSection(SolutionConfigurationPlatforms) = preSolution
		Debug|Any CPU = Debug|Any CPU
		Release|Any CPU = Release|Any CPU
	EndGlobalSection
	GlobalSection(ProjectConfigurationPlatforms) = postSolution
		{6593C2B4-C23A-4294-8A63-D42090ADF223}.Debug|Any CPU.ActiveCfg = Debug|Any CPU
		{6593C2B4-C23A-4294-8A63-D42090ADF223}.Debug|Any CPU.Build.0 = Debug|Any CPU
		{6593C2B4-C23A-4294-8A63-D42090ADF223}.Release|Any CPU.ActiveCfg = Release|Any CPU
		{6593C2B4-C23A-4294-8A63-D42090ADF223}.Release|Any CPU.Build.0 = Release|Any CPU
	EndGlobalSection
	GlobalSection(SolutionProperties) = preSolution
		HideSolutionNode = FALSE
	EndGlobalSection
	GlobalSection(ExtensibilityGlobals) = postSolution
		SolutionGuid = {752E671A-6C72-43AA-81C5-9A820966D89B}
	EndGlobalSection
EndGlobal
